
Microsoft Visual Studio Solution File, Format Version 12.00
# Visual Studio Version 17
VisualStudioVersion = 17.9.34518.117
MinimumVisualStudioVersion = 10.0.40219.1
Project("{FAE04EC0-301F-11D3-BF4B-00C04F79EFBC}") = "WebApplication1", "WebApplication1\WebApplication1.csproj", "{331500FF-57F9-44A8-8C20-CBB9C6FBB9BD}"
EndProject
Global
	GlobalSection(SolutionConfigurationPlatforms) = preSolution
		Debug|Any CPU = Debug|Any CPU
		Release|Any CPU = Release|Any CPU
	EndGlobalSection
	GlobalSection(ProjectConfigurationPlatforms) = postSolution
		{331500FF-57F9-44A8-8C20-CBB9C6FBB9BD}.Debug|Any CPU.ActiveCfg = Debug|Any CPU
		{331500FF-57F9-44A8-8C20-CBB9C6FBB9BD}.Debug|Any CPU.Build.0 = Debug|Any CPU
		{331500FF-57F9-44A8-8C20-CBB9C6FBB9BD}.Release|Any CPU.ActiveCfg = Release|Any CPU
		{331500FF-57F9-44A8-8C20-CBB9C6FBB9BD}.Release|Any CPU.Build.0 = Release|Any CPU
	EndGlobalSection
	GlobalSection(SolutionProperties) = preSolution
		HideSolutionNode = FALSE
	EndGlobalSection
	GlobalSection(ExtensibilityGlobals) = postSolution
		SolutionGuid = {FA6DD50B-801F-4237-9B8C-31E54A9BF50F}
	EndGlobalSection
EndGlobal
